
Microsoft Visual Studio Solution File, Format Version 11.00
# Visual Studio 2010
Project("{8BC9CEB8-8B4A-11D0-8D11-00A0C91BC942}") = "Daemaged.Compression.GZip", "Daemaged.Compression.GZip\Daemaged.Compression.GZip.vcxproj", "{8FD826F8-3739-44E6-8CC8-997122E53B8D}"
EndProject
Project("{FAE04EC0-301F-11D3-BF4B-00C04F79EFBC}") = "Daemaged.Compression", "Daemaged.Compression\Daemaged.Compression.csproj", "{F3ECAD94-1D0F-40A6-8C7E-8D31C1921CAA}"
EndProject
Project("{FAE04EC0-301F-11D3-BF4B-00C04F79EFBC}") = "Daemaged.Comoression.GZip.Tests", "Daemaged.Comoression.GZip.Tests\Daemaged.Comoression.GZip.Tests.csproj", "{242EF5ED-640E-4193-B087-A5BE0FF777EB}"
EndProject
Project("{FAE04EC0-301F-11D3-BF4B-00C04F79EFBC}") = "Daemaged.Compression.GZip.ConsoleTester", "Daemaged.Compression.GZip.ConsoleTester\Daemaged.Compression.GZip.ConsoleTester.csproj", "{174D6A1D-4738-4DE6-A897-66AEBBE93854}"
	ProjectSection(ProjectDependencies) = postProject
		{8FD826F8-3739-44E6-8CC8-997122E53B8D} = {8FD826F8-3739-44E6-8CC8-997122E53B8D}
	EndProjectSection
EndProject
Global
	GlobalSection(SolutionConfigurationPlatforms) = preSolution
		Debug|Any CPU = Debug|Any CPU
		Debug|Itanium = Debug|Itanium
		Debug|Mixed Platforms = Debug|Mixed Platforms
		Debug|Win32 = Debug|Win32
		Debug|x64 = Debug|x64
		Debug|x86 = Debug|x86
		Release|Any CPU = Release|Any CPU
		Release|Itanium = Release|Itanium
		Release|Mixed Platforms = Release|Mixed Platforms
		Release|Win32 = Release|Win32
		Release|x64 = Release|x64
		Release|x86 = Release|x86
		ReleaseWithoutAsm|Any CPU = ReleaseWithoutAsm|Any CPU
		ReleaseWithoutAsm|Itanium = ReleaseWithoutAsm|Itanium
		ReleaseWithoutAsm|Mixed Platforms = ReleaseWithoutAsm|Mixed Platforms
		ReleaseWithoutAsm|Win32 = ReleaseWithoutAsm|Win32
		ReleaseWithoutAsm|x64 = ReleaseWithoutAsm|x64
		ReleaseWithoutAsm|x86 = ReleaseWithoutAsm|x86
	EndGlobalSection
	GlobalSection(ProjectConfigurationPlatforms) = postSolution
		{8FD826F8-3739-44E6-8CC8-997122E53B8D}.Debug|Any CPU.ActiveCfg = Debug|Itanium
		{8FD826F8-3739-44E6-8CC8-997122E53B8D}.Debug|Itanium.ActiveCfg = Debug|Itanium
		{8FD826F8-3739-44E6-8CC8-997122E53B8D}.Debug|Itanium.Build.0 = Debug|Itanium
		{8FD826F8-3739-44E6-8CC8-997122E53B8D}.Debug|Mixed Platforms.ActiveCfg = Debug|Itanium
		{8FD826F8-3739-44E6-8CC8-997122E53B8D}.Debug|Mixed Platforms.Build.0 = Debug|Itanium
		{8FD826F8-3739-44E6-8CC8-997122E53B8D}.Debug|Win32.ActiveCfg = Debug|Win32
		{8FD826F8-3739-44E6-8CC8-997122E53B8D}.Debug|Win32.Build.0 = Debug|Win32
		{8FD826F8-3739-44E6-8CC8-997122E53B8D}.Debug|x64.ActiveCfg = Debug|x64
		{8FD826F8-3739-44E6-8CC8-997122E53B8D}.Debug|x64.Build.0 = Debug|x64
		{8FD826F8-3739-44E6-8CC8-997122E53B8D}.Debug|x86.ActiveCfg = Debug|Win32
		{8FD826F8-3739-44E6-8CC8-997122E53B8D}.Debug|x86.Build.0 = Debug|Win32
		{8FD826F8-3739-44E6-8CC8-997122E53B8D}.Release|Any CPU.ActiveCfg = Release|Itanium
		{8FD826F8-3739-44E6-8CC8-997122E53B8D}.Release|Itanium.ActiveCfg = Release|Itanium
		{8FD826F8-3739-44E6-8CC8-997122E53B8D}.Release|Itanium.Build.0 = Release|Itanium
		{8FD826F8-3739-44E6-8CC8-997122E53B8D}.Release|Mixed Platforms.ActiveCfg = Release|Itanium
		{8FD826F8-3739-44E6-8CC8-997122E53B8D}.Release|Mixed Platforms.Build.0 = Release|Itanium
		{8FD826F8-3739-44E6-8CC8-997122E53B8D}.Release|Win32.ActiveCfg = Release|Win32
		{8FD826F8-3739-44E6-8CC8-997122E53B8D}.Release|Win32.Build.0 = Release|Win32
		{8FD826F8-3739-44E6-8CC8-997122E53B8D}.Release|x64.ActiveCfg = Release|x64
		{8FD826F8-3739-44E6-8CC8-997122E53B8D}.Release|x64.Build.0 = Release|x64
		{8FD826F8-3739-44E6-8CC8-997122E53B8D}.Release|x86.ActiveCfg = Release|Win32
		{8FD826F8-3739-44E6-8CC8-997122E53B8D}.Release|x86.Build.0 = Release|Win32
		{8FD826F8-3739-44E6-8CC8-997122E53B8D}.ReleaseWithoutAsm|Any CPU.ActiveCfg = ReleaseWithoutAsm|Itanium
		{8FD826F8-3739-44E6-8CC8-997122E53B8D}.ReleaseWithoutAsm|Itanium.ActiveCfg = ReleaseWithoutAsm|Itanium
		{8FD826F8-3739-44E6-8CC8-997122E53B8D}.ReleaseWithoutAsm|Itanium.Build.0 = ReleaseWithoutAsm|Itanium
		{8FD826F8-3739-44E6-8CC8-997122E53B8D}.ReleaseWithoutAsm|Mixed Platforms.ActiveCfg = ReleaseWithoutAsm|Itanium
		{8FD826F8-3739-44E6-8CC8-997122E53B8D}.ReleaseWithoutAsm|Mixed Platforms.Build.0 = ReleaseWithoutAsm|Itanium
		{8FD826F8-3739-44E6-8CC8-997122E53B8D}.ReleaseWithoutAsm|Win32.ActiveCfg = ReleaseWithoutAsm|Win32
		{8FD826F8-3739-44E6-8CC8-997122E53B8D}.ReleaseWithoutAsm|Win32.Build.0 = ReleaseWithoutAsm|Win32
		{8FD826F8-3739-44E6-8CC8-997122E53B8D}.ReleaseWithoutAsm|x64.ActiveCfg = ReleaseWithoutAsm|x64
		{8FD826F8-3739-44E6-8CC8-997122E53B8D}.ReleaseWithoutAsm|x64.Build.0 = ReleaseWithoutAsm|x64
		{8FD826F8-3739-44E6-8CC8-997122E53B8D}.ReleaseWithoutAsm|x86.ActiveCfg = ReleaseWithoutAsm|x64
		{F3ECAD94-1D0F-40A6-8C7E-8D31C1921CAA}.Debug|Any CPU.ActiveCfg = Debug|Any CPU
		{F3ECAD94-1D0F-40A6-8C7E-8D31C1921CAA}.Debug|Any CPU.Build.0 = Debug|Any CPU
		{F3ECAD94-1D0F-40A6-8C7E-8D31C1921CAA}.Debug|Itanium.ActiveCfg = Debug|Any CPU
		{F3ECAD94-1D0F-40A6-8C7E-8D31C1921CAA}.Debug|Itanium.Build.0 = Debug|Any CPU
		{F3ECAD94-1D0F-40A6-8C7E-8D31C1921CAA}.Debug|Mixed Platforms.ActiveCfg = Debug|Any CPU
		{F3ECAD94-1D0F-40A6-8C7E-8D31C1921CAA}.Debug|Mixed Platforms.Build.0 = Debug|Any CPU
		{F3ECAD94-1D0F-40A6-8C7E-8D31C1921CAA}.Debug|Win32.ActiveCfg = Debug|x86
		{F3ECAD94-1D0F-40A6-8C7E-8D31C1921CAA}.Debug|Win32.Build.0 = Debug|x86
		{F3ECAD94-1D0F-40A6-8C7E-8D31C1921CAA}.Debug|x64.ActiveCfg = Debug|x64
		{F3ECAD94-1D0F-40A6-8C7E-8D31C1921CAA}.Debug|x64.Build.0 = Debug|x64
		{F3ECAD94-1D0F-40A6-8C7E-8D31C1921CAA}.Debug|x86.ActiveCfg = Debug|Any CPU
		{F3ECAD94-1D0F-40A6-8C7E-8D31C1921CAA}.Debug|x86.Build.0 = Debug|Any CPU
		{F3ECAD94-1D0F-40A6-8C7E-8D31C1921CAA}.Release|Any CPU.ActiveCfg = Release|Any CPU
		{F3ECAD94-1D0F-40A6-8C7E-8D31C1921CAA}.Release|Any CPU.Build.0 = Release|Any CPU
		{F3ECAD94-1D0F-40A6-8C7E-8D31C1921CAA}.Release|Itanium.ActiveCfg = Release|Any CPU
		{F3ECAD94-1D0F-40A6-8C7E-8D31C1921CAA}.Release|Itanium.Build.0 = Release|Any CPU
		{F3ECAD94-1D0F-40A6-8C7E-8D31C1921CAA}.Release|Mixed Platforms.ActiveCfg = Release|Any CPU
		{F3ECAD94-1D0F-40A6-8C7E-8D31C1921CAA}.Release|Mixed Platforms.Build.0 = Release|Any CPU
		{F3ECAD94-1D0F-40A6-8C7E-8D31C1921CAA}.Release|Win32.ActiveCfg = Release|x86
		{F3ECAD94-1D0F-40A6-8C7E-8D31C1921CAA}.Release|Win32.Build.0 = Release|x86
		{F3ECAD94-1D0F-40A6-8C7E-8D31C1921CAA}.Release|x64.ActiveCfg = Release|x64
		{F3ECAD94-1D0F-40A6-8C7E-8D31C1921CAA}.Release|x64.Build.0 = Release|x64
		{F3ECAD94-1D0F-40A6-8C7E-8D31C1921CAA}.Release|x86.ActiveCfg = Release|x86
		{F3ECAD94-1D0F-40A6-8C7E-8D31C1921CAA}.Release|x86.Build.0 = Release|x86
		{F3ECAD94-1D0F-40A6-8C7E-8D31C1921CAA}.ReleaseWithoutAsm|Any CPU.ActiveCfg = Release|Any CPU
		{F3ECAD94-1D0F-40A6-8C7E-8D31C1921CAA}.ReleaseWithoutAsm|Any CPU.Build.0 = Release|Any CPU
		{F3ECAD94-1D0F-40A6-8C7E-8D31C1921CAA}.ReleaseWithoutAsm|Itanium.ActiveCfg = Release|Any CPU
		{F3ECAD94-1D0F-40A6-8C7E-8D31C1921CAA}.ReleaseWithoutAsm|Mixed Platforms.ActiveCfg = Release|Any CPU
		{F3ECAD94-1D0F-40A6-8C7E-8D31C1921CAA}.ReleaseWithoutAsm|Mixed Platforms.Build.0 = Release|Any CPU
		{F3ECAD94-1D0F-40A6-8C7E-8D31C1921CAA}.ReleaseWithoutAsm|Win32.ActiveCfg = Release|Any CPU
		{F3ECAD94-1D0F-40A6-8C7E-8D31C1921CAA}.ReleaseWithoutAsm|x64.ActiveCfg = Release|Any CPU
		{F3ECAD94-1D0F-40A6-8C7E-8D31C1921CAA}.ReleaseWithoutAsm|x86.ActiveCfg = Release|Any CPU
		{242EF5ED-640E-4193-B087-A5BE0FF777EB}.Debug|Any CPU.ActiveCfg = Debug|x86
		{242EF5ED-640E-4193-B087-A5BE0FF777EB}.Debug|Itanium.ActiveCfg = Debug|x86
		{242EF5ED-640E-4193-B087-A5BE0FF777EB}.Debug|Mixed Platforms.ActiveCfg = Debug|x86
		{242EF5ED-640E-4193-B087-A5BE0FF777EB}.Debug|Mixed Platforms.Build.0 = Debug|x86
		{242EF5ED-640E-4193-B087-A5BE0FF777EB}.Debug|Win32.ActiveCfg = Debug|x86
		{242EF5ED-640E-4193-B087-A5BE0FF777EB}.Debug|x64.ActiveCfg = Debug|x64
		{242EF5ED-640E-4193-B087-A5BE0FF777EB}.Debug|x64.Build.0 = Debug|x64
		{242EF5ED-640E-4193-B087-A5BE0FF777EB}.Debug|x86.ActiveCfg = Debug|x86
		{242EF5ED-640E-4193-B087-A5BE0FF777EB}.Debug|x86.Build.0 = Debug|x86
		{242EF5ED-640E-4193-B087-A5BE0FF777EB}.Release|Any CPU.ActiveCfg = Release|x86
		{242EF5ED-640E-4193-B087-A5BE0FF777EB}.Release|Itanium.ActiveCfg = Release|x86
		{242EF5ED-640E-4193-B087-A5BE0FF777EB}.Release|Mixed Platforms.ActiveCfg = Release|x86
		{242EF5ED-640E-4193-B087-A5BE0FF777EB}.Release|Mixed Platforms.Build.0 = Release|x86
		{242EF5ED-640E-4193-B087-A5BE0FF777EB}.Release|Win32.ActiveCfg = Release|x86
		{242EF5ED-640E-4193-B087-A5BE0FF777EB}.Release|x64.ActiveCfg = Release|x64
		{242EF5ED-640E-4193-B087-A5BE0FF777EB}.Release|x86.ActiveCfg = Release|x86
		{242EF5ED-640E-4193-B087-A5BE0FF777EB}.Release|x86.Build.0 = Release|x86
		{242EF5ED-640E-4193-B087-A5BE0FF777EB}.ReleaseWithoutAsm|Any CPU.ActiveCfg = Release|x86
		{242EF5ED-640E-4193-B087-A5BE0FF777EB}.ReleaseWithoutAsm|Itanium.ActiveCfg = Release|x86
		{242EF5ED-640E-4193-B087-A5BE0FF777EB}.ReleaseWithoutAsm|Mixed Platforms.ActiveCfg = Release|x86
		{242EF5ED-640E-4193-B087-A5BE0FF777EB}.ReleaseWithoutAsm|Mixed Platforms.Build.0 = Release|x86
		{242EF5ED-640E-4193-B087-A5BE0FF777EB}.ReleaseWithoutAsm|Win32.ActiveCfg = Release|x86
		{242EF5ED-640E-4193-B087-A5BE0FF777EB}.ReleaseWithoutAsm|x64.ActiveCfg = Release|x86
		{242EF5ED-640E-4193-B087-A5BE0FF777EB}.ReleaseWithoutAsm|x86.ActiveCfg = Release|x64
		{174D6A1D-4738-4DE6-A897-66AEBBE93854}.Debug|Any CPU.ActiveCfg = Debug|x86
		{174D6A1D-4738-4DE6-A897-66AEBBE93854}.Debug|Itanium.ActiveCfg = Debug|x86
		{174D6A1D-4738-4DE6-A897-66AEBBE93854}.Debug|Mixed Platforms.ActiveCfg = Debug|x86
		{174D6A1D-4738-4DE6-A897-66AEBBE93854}.Debug|Mixed Platforms.Build.0 = Debug|x86
		{174D6A1D-4738-4DE6-A897-66AEBBE93854}.Debug|Win32.ActiveCfg = Debug|x86
		{174D6A1D-4738-4DE6-A897-66AEBBE93854}.Debug|Win32.Build.0 = Debug|x86
		{174D6A1D-4738-4DE6-A897-66AEBBE93854}.Debug|x64.ActiveCfg = Debug|x64
		{174D6A1D-4738-4DE6-A897-66AEBBE93854}.Debug|x64.Build.0 = Debug|x64
		{174D6A1D-4738-4DE6-A897-66AEBBE93854}.Debug|x86.ActiveCfg = Debug|x86
		{174D6A1D-4738-4DE6-A897-66AEBBE93854}.Debug|x86.Build.0 = Debug|x86
		{174D6A1D-4738-4DE6-A897-66AEBBE93854}.Release|Any CPU.ActiveCfg = Release|x86
		{174D6A1D-4738-4DE6-A897-66AEBBE93854}.Release|Itanium.ActiveCfg = Release|x86
		{174D6A1D-4738-4DE6-A897-66AEBBE93854}.Release|Mixed Platforms.ActiveCfg = Release|x86
		{174D6A1D-4738-4DE6-A897-66AEBBE93854}.Release|Mixed Platforms.Build.0 = Release|x86
		{174D6A1D-4738-4DE6-A897-66AEBBE93854}.Release|Win32.ActiveCfg = Release|x86
		{174D6A1D-4738-4DE6-A897-66AEBBE93854}.Release|Win32.Build.0 = Release|x86
		{174D6A1D-4738-4DE6-A897-66AEBBE93854}.Release|x64.ActiveCfg = Release|x64
		{174D6A1D-4738-4DE6-A897-66AEBBE93854}.Release|x64.Build.0 = Release|x64
		{174D6A1D-4738-4DE6-A897-66AEBBE93854}.Release|x86.ActiveCfg = Release|x86
		{174D6A1D-4738-4DE6-A897-66AEBBE93854}.Release|x86.Build.0 = Release|x86
		{174D6A1D-4738-4DE6-A897-66AEBBE93854}.ReleaseWithoutAsm|Any CPU.ActiveCfg = Release|x86
		{174D6A1D-4738-4DE6-A897-66AEBBE93854}.ReleaseWithoutAsm|Itanium.ActiveCfg = Release|x86
		{174D6A1D-4738-4DE6-A897-66AEBBE93854}.ReleaseWithoutAsm|Mixed Platforms.ActiveCfg = Release|x86
		{174D6A1D-4738-4DE6-A897-66AEBBE93854}.ReleaseWithoutAsm|Mixed Platforms.Build.0 = Release|x86
		{174D6A1D-4738-4DE6-A897-66AEBBE93854}.ReleaseWithoutAsm|Win32.ActiveCfg = Release|x86
		{174D6A1D-4738-4DE6-A897-66AEBBE93854}.ReleaseWithoutAsm|x64.ActiveCfg = Release|x86
		{174D6A1D-4738-4DE6-A897-66AEBBE93854}.ReleaseWithoutAsm|x86.ActiveCfg = Release|x86
		{174D6A1D-4738-4DE6-A897-66AEBBE93854}.ReleaseWithoutAsm|x86.Build.0 = Release|x86
	EndGlobalSection
	GlobalSection(SolutionProperties) = preSolution
		HideSolutionNode = FALSE
	EndGlobalSection
EndGlobal
